
Microsoft Visual Studio Solution File, Format Version 12.00
# Visual Studio 15
VisualStudioVersion = 15.0.28010.2041
MinimumVisualStudioVersion = 10.0.40219.1
Project("{FAE04EC0-301F-11D3-BF4B-00C04F79EFBC}") = "TRS008", "TRS008\TRS008.csproj", "{52C5C4EE-22E0-4D8B-9CD7-7088FA67D01A}"
EndProject
Global
	GlobalSection(SolutionConfigurationPlatforms) = preSolution
		Debug|Any CPU = Debug|Any CPU
		Release|Any CPU = Release|Any CPU
	EndGlobalSection
	GlobalSection(ProjectConfigurationPlatforms) = postSolution
		{52C5C4EE-22E0-4D8B-9CD7-7088FA67D01A}.Debug|Any CPU.ActiveCfg = Debug|Any CPU
		{52C5C4EE-22E0-4D8B-9CD7-7088FA67D01A}.Debug|Any CPU.Build.0 = Debug|Any CPU
		{52C5C4EE-22E0-4D8B-9CD7-7088FA67D01A}.Release|Any CPU.ActiveCfg = Release|Any CPU
		{52C5C4EE-22E0-4D8B-9CD7-7088FA67D01A}.Release|Any CPU.Build.0 = Release|Any CPU
	EndGlobalSection
	GlobalSection(SolutionProperties) = preSolution
		HideSolutionNode = FALSE
	EndGlobalSection
	GlobalSection(ExtensibilityGlobals) = postSolution
		SolutionGuid = {4BA101EF-8929-4C53-91EC-F5F84B7CF242}
	EndGlobalSection
EndGlobal
